// !$*UTF8*$!
{
	archiveVersion = 1;
	classes = {
	};
	objectVersion = 55;
	objects = {

/* Begin PBXBuildFile section */
		780C08BA4CBFFA138CDF92B0 /* Pods_My_iOS.framework in Frameworks */ = {isa = PBXBuildFile; fileRef = 503DB0EB1BE45729546B1EF9 /* Pods_My_iOS.framework */; };
		B911DBFC290FAB0F005E59D5 /* Coordinator.swift in Sources */ = {isa = PBXBuildFile; fileRef = B911DBFB290FAB0F005E59D5 /* Coordinator.swift */; };
		B9695BA029211EBE0098F2F5 /* SideMenuMainViewController.swift in Sources */ = {isa = PBXBuildFile; fileRef = B9695B9F29211EBE0098F2F5 /* SideMenuMainViewController.swift */; };
		B9695BA229211F2B0098F2F5 /* SideMenuHomeViewController.swift in Sources */ = {isa = PBXBuildFile; fileRef = B9695BA129211F2B0098F2F5 /* SideMenuHomeViewController.swift */; };
		B9695BA429211F3E0098F2F5 /* SideMenuViewController.swift in Sources */ = {isa = PBXBuildFile; fileRef = B9695BA329211F3E0098F2F5 /* SideMenuViewController.swift */; };
		B99529B429025BE600B25567 /* AppDelegate.swift in Sources */ = {isa = PBXBuildFile; fileRef = B99529B329025BE600B25567 /* AppDelegate.swift */; };
		B99529B629025BE600B25567 /* SceneDelegate.swift in Sources */ = {isa = PBXBuildFile; fileRef = B99529B529025BE600B25567 /* SceneDelegate.swift */; };
		B99529B829025BE600B25567 /* ViewController.swift in Sources */ = {isa = PBXBuildFile; fileRef = B99529B729025BE600B25567 /* ViewController.swift */; };
		B99529BB29025BE600B25567 /* Main.storyboard in Resources */ = {isa = PBXBuildFile; fileRef = B99529B929025BE600B25567 /* Main.storyboard */; };
		B99529BE29025BE600B25567 /* My_iOS.xcdatamodeld in Sources */ = {isa = PBXBuildFile; fileRef = B99529BC29025BE600B25567 /* My_iOS.xcdatamodeld */; };
		B99529C029025BE700B25567 /* Assets.xcassets in Resources */ = {isa = PBXBuildFile; fileRef = B99529BF29025BE700B25567 /* Assets.xcassets */; };
		B99529C329025BE700B25567 /* LaunchScreen.storyboard in Resources */ = {isa = PBXBuildFile; fileRef = B99529C129025BE700B25567 /* LaunchScreen.storyboard */; };
		B9EB0E8D291AB1950018A1E6 /* TestViewController.swift in Sources */ = {isa = PBXBuildFile; fileRef = B9EB0E8C291AB1950018A1E6 /* TestViewController.swift */; };
		B9EB0E91291AB65E0018A1E6 /* KeyboardViewController.swift in Sources */ = {isa = PBXBuildFile; fileRef = B9EB0E90291AB65E0018A1E6 /* KeyboardViewController.swift */; };
/* End PBXBuildFile section */

/* Begin PBXFileReference section */
		16C93E8FCFB4E46D00A4F779 /* Pods-My iOS.release.xcconfig */ = {isa = PBXFileReference; includeInIndex = 1; lastKnownFileType = text.xcconfig; name = "Pods-My iOS.release.xcconfig"; path = "Target Support Files/Pods-My iOS/Pods-My iOS.release.xcconfig"; sourceTree = "<group>"; };
		503DB0EB1BE45729546B1EF9 /* Pods_My_iOS.framework */ = {isa = PBXFileReference; explicitFileType = wrapper.framework; includeInIndex = 0; path = Pods_My_iOS.framework; sourceTree = BUILT_PRODUCTS_DIR; };
		886976CF80BE23F6AB7958B3 /* Pods-My iOS.debug.xcconfig */ = {isa = PBXFileReference; includeInIndex = 1; lastKnownFileType = text.xcconfig; name = "Pods-My iOS.debug.xcconfig"; path = "Target Support Files/Pods-My iOS/Pods-My iOS.debug.xcconfig"; sourceTree = "<group>"; };
		B911DBFB290FAB0F005E59D5 /* Coordinator.swift */ = {isa = PBXFileReference; lastKnownFileType = sourcecode.swift; path = Coordinator.swift; sourceTree = "<group>"; };
		B9695B9F29211EBE0098F2F5 /* SideMenuMainViewController.swift */ = {isa = PBXFileReference; lastKnownFileType = sourcecode.swift; path = SideMenuMainViewController.swift; sourceTree = "<group>"; };
		B9695BA129211F2B0098F2F5 /* SideMenuHomeViewController.swift */ = {isa = PBXFileReference; lastKnownFileType = sourcecode.swift; path = SideMenuHomeViewController.swift; sourceTree = "<group>"; };
		B9695BA329211F3E0098F2F5 /* SideMenuViewController.swift */ = {isa = PBXFileReference; lastKnownFileType = sourcecode.swift; path = SideMenuViewController.swift; sourceTree = "<group>"; };
		B99529B029025BE600B25567 /* My iOS.app */ = {isa = PBXFileReference; explicitFileType = wrapper.application; includeInIndex = 0; path = "My iOS.app"; sourceTree = BUILT_PRODUCTS_DIR; };
		B99529B329025BE600B25567 /* AppDelegate.swift */ = {isa = PBXFileReference; lastKnownFileType = sourcecode.swift; path = AppDelegate.swift; sourceTree = "<group>"; };
		B99529B529025BE600B25567 /* SceneDelegate.swift */ = {isa = PBXFileReference; lastKnownFileType = sourcecode.swift; path = SceneDelegate.swift; sourceTree = "<group>"; };
		B99529B729025BE600B25567 /* ViewController.swift */ = {isa = PBXFileReference; lastKnownFileType = sourcecode.swift; path = ViewController.swift; sourceTree = "<group>"; };
		B99529BA29025BE600B25567 /* Base */ = {isa = PBXFileReference; lastKnownFileType = file.storyboard; name = Base; path = Base.lproj/Main.storyboard; sourceTree = "<group>"; };
		B99529BD29025BE600B25567 /* My_iOS.xcdatamodel */ = {isa = PBXFileReference; lastKnownFileType = wrapper.xcdatamodel; path = My_iOS.xcdatamodel; sourceTree = "<group>"; };
		B99529BF29025BE700B25567 /* Assets.xcassets */ = {isa = PBXFileReference; lastKnownFileType = folder.assetcatalog; path = Assets.xcassets; sourceTree = "<group>"; };
		B99529C229025BE700B25567 /* Base */ = {isa = PBXFileReference; lastKnownFileType = file.storyboard; name = Base; path = Base.lproj/LaunchScreen.storyboard; sourceTree = "<group>"; };
		B99529C429025BE700B25567 /* Info.plist */ = {isa = PBXFileReference; lastKnownFileType = text.plist.xml; path = Info.plist; sourceTree = "<group>"; };
		B9EB0E8C291AB1950018A1E6 /* TestViewController.swift */ = {isa = PBXFileReference; lastKnownFileType = sourcecode.swift; path = TestViewController.swift; sourceTree = "<group>"; };
		B9EB0E90291AB65E0018A1E6 /* KeyboardViewController.swift */ = {isa = PBXFileReference; lastKnownFileType = sourcecode.swift; path = KeyboardViewController.swift; sourceTree = "<group>"; };
/* End PBXFileReference section */

/* Begin PBXFrameworksBuildPhase section */
		B99529AD29025BE500B25567 /* Frameworks */ = {
			isa = PBXFrameworksBuildPhase;
			buildActionMask = 2147483647;
			files = (
				780C08BA4CBFFA138CDF92B0 /* Pods_My_iOS.framework in Frameworks */,
			);
			runOnlyForDeploymentPostprocessing = 0;
		};
/* End PBXFrameworksBuildPhase section */

/* Begin PBXGroup section */
		B84D5A5D00DE13E6D34F5674 /* Pods */ = {
			isa = PBXGroup;
			children = (
				886976CF80BE23F6AB7958B3 /* Pods-My iOS.debug.xcconfig */,
				16C93E8FCFB4E46D00A4F779 /* Pods-My iOS.release.xcconfig */,
			);
			path = Pods;
			sourceTree = "<group>";
		};
		B90B2E6B29530A0E003BD120 /* PanGesture */ = {
			isa = PBXGroup;
			children = (
			);
			path = PanGesture;
			sourceTree = "<group>";
		};
		B911DBFA290FAAFE005E59D5 /* Coordinator */ = {
			isa = PBXGroup;
			children = (
				B911DBFB290FAB0F005E59D5 /* Coordinator.swift */,
			);
			path = Coordinator;
			sourceTree = "<group>";
		};
		B9695B9C29211E2A0098F2F5 /* Practice */ = {
			isa = PBXGroup;
			children = (
				B9695B9E29211E8C0098F2F5 /* SideMenu */,
			);
			path = Practice;
			sourceTree = "<group>";
		};
		B9695B9E29211E8C0098F2F5 /* SideMenu */ = {
			isa = PBXGroup;
			children = (
				B9695B9F29211EBE0098F2F5 /* SideMenuMainViewController.swift */,
				B9695BA129211F2B0098F2F5 /* SideMenuHomeViewController.swift */,
				B9695BA329211F3E0098F2F5 /* SideMenuViewController.swift */,
			);
			path = SideMenu;
			sourceTree = "<group>";
		};
		B99529A729025BE500B25567 = {
			isa = PBXGroup;
			children = (
				B99529B229025BE600B25567 /* My iOS */,
				B99529B129025BE600B25567 /* Products */,
				B84D5A5D00DE13E6D34F5674 /* Pods */,
				FCC6EB3ED47675878E186040 /* Frameworks */,
			);
			sourceTree = "<group>";
		};
		B99529B129025BE600B25567 /* Products */ = {
			isa = PBXGroup;
			children = (
				B99529B029025BE600B25567 /* My iOS.app */,
			);
			name = Products;
			sourceTree = "<group>";
		};
		B99529B229025BE600B25567 /* My iOS */ = {
			isa = PBXGroup;
			children = (
				B9695B9C29211E2A0098F2F5 /* Practice */,
				B9EB0E8E291AB6290018A1E6 /* Review */,
				B911DBFA290FAAFE005E59D5 /* Coordinator */,
				B99529B329025BE600B25567 /* AppDelegate.swift */,
				B99529B529025BE600B25567 /* SceneDelegate.swift */,
				B99529B729025BE600B25567 /* ViewController.swift */,
				B99529B929025BE600B25567 /* Main.storyboard */,
				B99529BF29025BE700B25567 /* Assets.xcassets */,
				B99529C129025BE700B25567 /* LaunchScreen.storyboard */,
				B99529C429025BE700B25567 /* Info.plist */,
				B99529BC29025BE600B25567 /* My_iOS.xcdatamodeld */,
			);
			path = "My iOS";
			sourceTree = "<group>";
		};
		B9EB0E8B291AB1810018A1E6 /* TestVC */ = {
			isa = PBXGroup;
			children = (
				B9EB0E8C291AB1950018A1E6 /* TestViewController.swift */,
			);
			path = TestVC;
			sourceTree = "<group>";
		};
		B9EB0E8E291AB6290018A1E6 /* Review */ = {
			isa = PBXGroup;
			children = (
				B90B2E6B29530A0E003BD120 /* PanGesture */,
				B9EB0E8F291AB6340018A1E6 /* Keyboard */,
				B9EB0E8B291AB1810018A1E6 /* TestVC */,
			);
			path = Review;
			sourceTree = "<group>";
		};
		B9EB0E8F291AB6340018A1E6 /* Keyboard */ = {
			isa = PBXGroup;
			children = (
				B9EB0E90291AB65E0018A1E6 /* KeyboardViewController.swift */,
			);
			path = Keyboard;
			sourceTree = "<group>";
		};
		FCC6EB3ED47675878E186040 /* Frameworks */ = {
			isa = PBXGroup;
			children = (
				503DB0EB1BE45729546B1EF9 /* Pods_My_iOS.framework */,
			);
			name = Frameworks;
			sourceTree = "<group>";
		};
/* End PBXGroup section */

/* Begin PBXNativeTarget section */
		B99529AF29025BE500B25567 /* My iOS */ = {
			isa = PBXNativeTarget;
			buildConfigurationList = B99529C729025BE700B25567 /* Build configuration list for PBXNativeTarget "My iOS" */;
			buildPhases = (
				A7B527EA7742021E8E9AFFDB /* [CP] Check Pods Manifest.lock */,
				B99529AC29025BE500B25567 /* Sources */,
				B99529AD29025BE500B25567 /* Frameworks */,
				B99529AE29025BE500B25567 /* Resources */,
				FAE02445035562911003739F /* [CP] Embed Pods Frameworks */,
			);
			buildRules = (
			);
			dependencies = (
			);
			name = "My iOS";
			productName = "My iOS";
			productReference = B99529B029025BE600B25567 /* My iOS.app */;
			productType = "com.apple.product-type.application";
		};
/* End PBXNativeTarget section */

/* Begin PBXProject section */
		B99529A829025BE500B25567 /* Project object */ = {
			isa = PBXProject;
			attributes = {
				BuildIndependentTargetsInParallel = 1;
				LastSwiftUpdateCheck = 1340;
				LastUpgradeCheck = 1340;
				TargetAttributes = {
					B99529AF29025BE500B25567 = {
						CreatedOnToolsVersion = 13.4.1;
					};
				};
			};
			buildConfigurationList = B99529AB29025BE500B25567 /* Build configuration list for PBXProject "My iOS" */;
			compatibilityVersion = "Xcode 13.0";
			developmentRegion = en;
			hasScannedForEncodings = 0;
			knownRegions = (
				en,
				Base,
			);
			mainGroup = B99529A729025BE500B25567;
			productRefGroup = B99529B129025BE600B25567 /* Products */;
			projectDirPath = "";
			projectRoot = "";
			targets = (
				B99529AF29025BE500B25567 /* My iOS */,
			);
		};
/* End PBXProject section */

/* Begin PBXResourcesBuildPhase section */
		B99529AE29025BE500B25567 /* Resources */ = {
			isa = PBXResourcesBuildPhase;
			buildActionMask = 2147483647;
			files = (
				B99529C329025BE700B25567 /* LaunchScreen.storyboard in Resources */,
				B99529C029025BE700B25567 /* Assets.xcassets in Resources */,
				B99529BB29025BE600B25567 /* Main.storyboard in Resources */,
			);
			runOnlyForDeploymentPostprocessing = 0;
		};
/* End PBXResourcesBuildPhase section */

/* Begin PBXShellScriptBuildPhase section */
		A7B527EA7742021E8E9AFFDB /* [CP] Check Pods Manifest.lock */ = {
			isa = PBXShellScriptBuildPhase;
			buildActionMask = 2147483647;
			files = (
			);
			inputFileListPaths = (
			);
			inputPaths = (
				"${PODS_PODFILE_DIR_PATH}/Podfile.lock",
				"${PODS_ROOT}/Manifest.lock",
			);
			name = "[CP] Check Pods Manifest.lock";
			outputFileListPaths = (
			);
			outputPaths = (
				"$(DERIVED_FILE_DIR)/Pods-My iOS-checkManifestLockResult.txt",
			);
			runOnlyForDeploymentPostprocessing = 0;
			shellPath = /bin/sh;
			shellScript = "diff \"${PODS_PODFILE_DIR_PATH}/Podfile.lock\" \"${PODS_ROOT}/Manifest.lock\" > /dev/null\nif [ $? != 0 ] ; then\n    # print error to STDERR\n    echo \"error: The sandbox is not in sync with the Podfile.lock. Run 'pod install' or update your CocoaPods installation.\" >&2\n    exit 1\nfi\n# This output is used by Xcode 'outputs' to avoid re-running this script phase.\necho \"SUCCESS\" > \"${SCRIPT_OUTPUT_FILE_0}\"\n";
			showEnvVarsInLog = 0;
		};
		FAE02445035562911003739F /* [CP] Embed Pods Frameworks */ = {
			isa = PBXShellScriptBuildPhase;
			buildActionMask = 2147483647;
			files = (
			);
			inputFileListPaths = (
				"${PODS_ROOT}/Target Support Files/Pods-My iOS/Pods-My iOS-frameworks-${CONFIGURATION}-input-files.xcfilelist",
			);
			name = "[CP] Embed Pods Frameworks";
			outputFileListPaths = (
				"${PODS_ROOT}/Target Support Files/Pods-My iOS/Pods-My iOS-frameworks-${CONFIGURATION}-output-files.xcfilelist",
			);
			runOnlyForDeploymentPostprocessing = 0;
			shellPath = /bin/sh;
			shellScript = "\"${PODS_ROOT}/Target Support Files/Pods-My iOS/Pods-My iOS-frameworks.sh\"\n";
			showEnvVarsInLog = 0;
		};
/* End PBXShellScriptBuildPhase section */

/* Begin PBXSourcesBuildPhase section */
		B99529AC29025BE500B25567 /* Sources */ = {
			isa = PBXSourcesBuildPhase;
			buildActionMask = 2147483647;
			files = (
				B99529B829025BE600B25567 /* ViewController.swift in Sources */,
				B9695BA229211F2B0098F2F5 /* SideMenuHomeViewController.swift in Sources */,
				B99529B429025BE600B25567 /* AppDelegate.swift in Sources */,
				B9695BA029211EBE0098F2F5 /* SideMenuMainViewController.swift in Sources */,
				B911DBFC290FAB0F005E59D5 /* Coordinator.swift in Sources */,
				B99529B629025BE600B25567 /* SceneDelegate.swift in Sources */,
				B9EB0E91291AB65E0018A1E6 /* KeyboardViewController.swift in Sources */,
				B9EB0E8D291AB1950018A1E6 /* TestViewController.swift in Sources */,
				B9695BA429211F3E0098F2F5 /* SideMenuViewController.swift in Sources */,
				B99529BE29025BE600B25567 /* My_iOS.xcdatamodeld in Sources */,
			);
			runOnlyForDeploymentPostprocessing = 0;
		};
/* End PBXSourcesBuildPhase section */

/* Begin PBXVariantGroup section */
		B99529B929025BE600B25567 /* Main.storyboard */ = {
			isa = PBXVariantGroup;
			children = (
				B99529BA29025BE600B25567 /* Base */,
			);
			name = Main.storyboard;
			sourceTree = "<group>";
		};
		B99529C129025BE700B25567 /* LaunchScreen.storyboard */ = {
			isa = PBXVariantGroup;
			children = (
				B99529C229025BE700B25567 /* Base */,
			);
			name = LaunchScreen.storyboard;
			sourceTree = "<group>";
		};
/* End PBXVariantGroup section */

/* Begin XCBuildConfiguration section */
		B99529C529025BE700B25567 /* Debug */ = {
			isa = XCBuildConfiguration;
			buildSettings = {
				ALWAYS_SEARCH_USER_PATHS = NO;
				CLANG_ANALYZER_NONNULL = YES;
				CLANG_ANALYZER_NUMBER_OBJECT_CONVERSION = YES_AGGRESSIVE;
				CLANG_CXX_LANGUAGE_STANDARD = "gnu++17";
				CLANG_ENABLE_MODULES = YES;
				CLANG_ENABLE_OBJC_ARC = YES;
				CLANG_ENABLE_OBJC_WEAK = YES;
				CLANG_WARN_BLOCK_CAPTURE_AUTORELEASING = YES;
				CLANG_WARN_BOOL_CONVERSION = YES;
				CLANG_WARN_COMMA = YES;
				CLANG_WARN_CONSTANT_CONVERSION = YES;
				CLANG_WARN_DEPRECATED_OBJC_IMPLEMENTATIONS = YES;
				CLANG_WARN_DIRECT_OBJC_ISA_USAGE = YES_ERROR;
				CLANG_WARN_DOCUMENTATION_COMMENTS = YES;
				CLANG_WARN_EMPTY_BODY = YES;
				CLANG_WARN_ENUM_CONVERSION = YES;
				CLANG_WARN_INFINITE_RECURSION = YES;
				CLANG_WARN_INT_CONVERSION = YES;
				CLANG_WARN_NON_LITERAL_NULL_CONVERSION = YES;
				CLANG_WARN_OBJC_IMPLICIT_RETAIN_SELF = YES;
				CLANG_WARN_OBJC_LITERAL_CONVERSION = YES;
				CLANG_WARN_OBJC_ROOT_CLASS = YES_ERROR;
				CLANG_WARN_QUOTED_INCLUDE_IN_FRAMEWORK_HEADER = YES;
				CLANG_WARN_RANGE_LOOP_ANALYSIS = YES;
				CLANG_WARN_STRICT_PROTOTYPES = YES;
				CLANG_WARN_SUSPICIOUS_MOVE = YES;
				CLANG_WARN_UNGUARDED_AVAILABILITY = YES_AGGRESSIVE;
				CLANG_WARN_UNREACHABLE_CODE = YES;
				CLANG_WARN__DUPLICATE_METHOD_MATCH = YES;
				COPY_PHASE_STRIP = NO;
				DEBUG_INFORMATION_FORMAT = dwarf;
				ENABLE_STRICT_OBJC_MSGSEND = YES;
				ENABLE_TESTABILITY = YES;
				GCC_C_LANGUAGE_STANDARD = gnu11;
				GCC_DYNAMIC_NO_PIC = NO;
				GCC_NO_COMMON_BLOCKS = YES;
				GCC_OPTIMIZATION_LEVEL = 0;
				GCC_PREPROCESSOR_DEFINITIONS = (
					"DEBUG=1",
					"$(inherited)",
				);
				GCC_WARN_64_TO_32_BIT_CONVERSION = YES;
				GCC_WARN_ABOUT_RETURN_TYPE = YES_ERROR;
				GCC_WARN_UNDECLARED_SELECTOR = YES;
				GCC_WARN_UNINITIALIZED_AUTOS = YES_AGGRESSIVE;
				GCC_WARN_UNUSED_FUNCTION = YES;
				GCC_WARN_UNUSED_VARIABLE = YES;
				IPHONEOS_DEPLOYMENT_TARGET = 14.0;
				MTL_ENABLE_DEBUG_INFO = INCLUDE_SOURCE;
				MTL_FAST_MATH = YES;
				ONLY_ACTIVE_ARCH = YES;
				SDKROOT = iphoneos;
				SWIFT_ACTIVE_COMPILATION_CONDITIONS = DEBUG;
				SWIFT_OPTIMIZATION_LEVEL = "-Onone";
			};
			name = Debug;
		};
		B99529C629025BE700B25567 /* Release */ = {
			isa = XCBuildConfiguration;
			buildSettings = {
				ALWAYS_SEARCH_USER_PATHS = NO;
				CLANG_ANALYZER_NONNULL = YES;
				CLANG_ANALYZER_NUMBER_OBJECT_CONVERSION = YES_AGGRESSIVE;
				CLANG_CXX_LANGUAGE_STANDARD = "gnu++17";
				CLANG_ENABLE_MODULES = YES;
				CLANG_ENABLE_OBJC_ARC = YES;
				CLANG_ENABLE_OBJC_WEAK = YES;
				CLANG_WARN_BLOCK_CAPTURE_AUTORELEASING = YES;
				CLANG_WARN_BOOL_CONVERSION = YES;
				CLANG_WARN_COMMA = YES;
				CLANG_WARN_CONSTANT_CONVERSION = YES;
				CLANG_WARN_DEPRECATED_OBJC_IMPLEMENTATIONS = YES;
				CLANG_WARN_DIRECT_OBJC_ISA_USAGE = YES_ERROR;
				CLANG_WARN_DOCUMENTATION_COMMENTS = YES;
				CLANG_WARN_EMPTY_BODY = YES;
				CLANG_WARN_ENUM_CONVERSION = YES;
				CLANG_WARN_INFINITE_RECURSION = YES;
				CLANG_WARN_INT_CONVERSION = YES;
				CLANG_WARN_NON_LITERAL_NULL_CONVERSION = YES;
				CLANG_WARN_OBJC_IMPLICIT_RETAIN_SELF = YES;
				CLANG_WARN_OBJC_LITERAL_CONVERSION = YES;
				CLANG_WARN_OBJC_ROOT_CLASS = YES_ERROR;
				CLANG_WARN_QUOTED_INCLUDE_IN_FRAMEWORK_HEADER = YES;
				CLANG_WARN_RANGE_LOOP_ANALYSIS = YES;
				CLANG_WARN_STRICT_PROTOTYPES = YES;
				CLANG_WARN_SUSPICIOUS_MOVE = YES;
				CLANG_WARN_UNGUARDED_AVAILABILITY = YES_AGGRESSIVE;
				CLANG_WARN_UNREACHABLE_CODE = YES;
				CLANG_WARN__DUPLICATE_METHOD_MATCH = YES;
				COPY_PHASE_STRIP = NO;
				DEBUG_INFORMATION_FORMAT = "dwarf-with-dsym";
				ENABLE_NS_ASSERTIONS = NO;
				ENABLE_STRICT_OBJC_MSGSEND = YES;
				GCC_C_LANGUAGE_STANDARD = gnu11;
				GCC_NO_COMMON_BLOCKS = YES;
				GCC_WARN_64_TO_32_BIT_CONVERSION = YES;
				GCC_WARN_ABOUT_RETURN_TYPE = YES_ERROR;
				GCC_WARN_UNDECLARED_SELECTOR = YES;
				GCC_WARN_UNINITIALIZED_AUTOS = YES_AGGRESSIVE;
				GCC_WARN_UNUSED_FUNCTION = YES;
				GCC_WARN_UNUSED_VARIABLE = YES;
				IPHONEOS_DEPLOYMENT_TARGET = 14.0;
				MTL_ENABLE_DEBUG_INFO = NO;
				MTL_FAST_MATH = YES;
				SDKROOT = iphoneos;
				SWIFT_COMPILATION_MODE = wholemodule;
				SWIFT_OPTIMIZATION_LEVEL = "-O";
				VALIDATE_PRODUCT = YES;
			};
			name = Release;
		};
		B99529C829025BE700B25567 /* Debug */ = {
			isa = XCBuildConfiguration;
			baseConfigurationReference = 886976CF80BE23F6AB7958B3 /* Pods-My iOS.debug.xcconfig */;
			buildSettings = {
				ASSETCATALOG_COMPILER_APPICON_NAME = AppIcon;
				ASSETCATALOG_COMPILER_GLOBAL_ACCENT_COLOR_NAME = AccentColor;
				CODE_SIGN_STYLE = Automatic;
				CURRENT_PROJECT_VERSION = 1;
				DEVELOPMENT_TEAM = G5TV4A24RH;
				GENERATE_INFOPLIST_FILE = YES;
				INFOPLIST_FILE = "My iOS/Info.plist";
				INFOPLIST_KEY_UIApplicationSupportsIndirectInputEvents = YES;
				INFOPLIST_KEY_UILaunchStoryboardName = LaunchScreen;
				INFOPLIST_KEY_UIMainStoryboardFile = Main;
				INFOPLIST_KEY_UISupportedInterfaceOrientations_iPad = "UIInterfaceOrientationPortrait UIInterfaceOrientationPortraitUpsideDown UIInterfaceOrientationLandscapeLeft UIInterfaceOrientationLandscapeRight";
				INFOPLIST_KEY_UISupportedInterfaceOrientations_iPhone = "UIInterfaceOrientationPortrait UIInterfaceOrientationLandscapeLeft UIInterfaceOrientationLandscapeRight";
				IPHONEOS_DEPLOYMENT_TARGET = 13.0;
				LD_RUNPATH_SEARCH_PATHS = (
					"$(inherited)",
					"@executable_path/Frameworks",
				);
				MARKETING_VERSION = 1.0;
				PRODUCT_BUNDLE_IDENTIFIER = xyz.be.driver;
				PRODUCT_NAME = "$(TARGET_NAME)";
				SWIFT_EMIT_LOC_STRINGS = YES;
				SWIFT_VERSION = 5.0;
				TARGETED_DEVICE_FAMILY = "1,2";
			};
			name = Debug;
		};
		B99529C929025BE700B25567 /* Release */ = {
			isa = XCBuildConfiguration;
			baseConfigurationReference = 16C93E8FCFB4E46D00A4F779 /* Pods-My iOS.release.xcconfig */;
			buildSettings = {
				ASSETCATALOG_COMPILER_APPICON_NAME = AppIcon;
				ASSETCATALOG_COMPILER_GLOBAL_ACCENT_COLOR_NAME = AccentColor;
				CODE_SIGN_STYLE = Automatic;
				CURRENT_PROJECT_VERSION = 1;
				DEVELOPMENT_TEAM = G5TV4A24RH;
				GENERATE_INFOPLIST_FILE = YES;
				INFOPLIST_FILE = "My iOS/Info.plist";
				INFOPLIST_KEY_UIApplicationSupportsIndirectInputEvents = YES;
				INFOPLIST_KEY_UILaunchStoryboardName = LaunchScreen;
				INFOPLIST_KEY_UIMainStoryboardFile = Main;
				INFOPLIST_KEY_UISupportedInterfaceOrientations_iPad = "UIInterfaceOrientationPortrait UIInterfaceOrientationPortraitUpsideDown UIInterfaceOrientationLandscapeLeft UIInterfaceOrientationLandscapeRight";
				INFOPLIST_KEY_UISupportedInterfaceOrientations_iPhone = "UIInterfaceOrientationPortrait UIInterfaceOrientationLandscapeLeft UIInterfaceOrientationLandscapeRight";
				IPHONEOS_DEPLOYMENT_TARGET = 13.0;
				LD_RUNPATH_SEARCH_PATHS = (
					"$(inherited)",
					"@executable_path/Frameworks",
				);
				MARKETING_VERSION = 1.0;
				PRODUCT_BUNDLE_IDENTIFIER = xyz.be.driver;
				PRODUCT_NAME = "$(TARGET_NAME)";
				SWIFT_EMIT_LOC_STRINGS = YES;
				SWIFT_VERSION = 5.0;
				TARGETED_DEVICE_FAMILY = "1,2";
			};
			name = Release;
		};
/* End XCBuildConfiguration section */

/* Begin XCConfigurationList section */
		B99529AB29025BE500B25567 /* Build configuration list for PBXProject "My iOS" */ = {
			isa = XCConfigurationList;
			buildConfigurations = (
				B99529C529025BE700B25567 /* Debug */,
				B99529C629025BE700B25567 /* Release */,
			);
			defaultConfigurationIsVisible = 0;
			defaultConfigurationName = Release;
		};
		B99529C729025BE700B25567 /* Build configuration list for PBXNativeTarget "My iOS" */ = {
			isa = XCConfigurationList;
			buildConfigurations = (
				B99529C829025BE700B25567 /* Debug */,
				B99529C929025BE700B25567 /* Release */,
			);
			defaultConfigurationIsVisible = 0;
			defaultConfigurationName = Release;
		};
/* End XCConfigurationList section */

/* Begin XCVersionGroup section */
		B99529BC29025BE600B25567 /* My_iOS.xcdatamodeld */ = {
			isa = XCVersionGroup;
			children = (
				B99529BD29025BE600B25567 /* My_iOS.xcdatamodel */,
			);
			currentVersion = B99529BD29025BE600B25567 /* My_iOS.xcdatamodel */;
			path = My_iOS.xcdatamodeld;
			sourceTree = "<group>";
			versionGroupType = wrapper.xcdatamodel;
		};
/* End XCVersionGroup section */
	};
	rootObject = B99529A829025BE500B25567 /* Project object */;
}
